
Microsoft Visual Studio Solution File, Format Version 12.00
# Visual Studio 15
VisualStudioVersion = 15.0.27703.2035
MinimumVisualStudioVersion = 10.0.40219.1
Project("{8BC9CEB8-8B4A-11D0-8D11-00A0C91BC942}") = "rectangle", "rectangle\rectangle.vcxproj", "{3CBAD7D1-2524-4411-A78A-4A2D95156DCB}"
EndProject
Global
	GlobalSection(SolutionConfigurationPlatforms) = preSolution
		Debug|x64 = Debug|x64
		Debug|x86 = Debug|x86
		Release|x64 = Release|x64
		Release|x86 = Release|x86
	EndGlobalSection
	GlobalSection(ProjectConfigurationPlatforms) = postSolution
		{3CBAD7D1-2524-4411-A78A-4A2D95156DCB}.Debug|x64.ActiveCfg = Debug|x64
		{3CBAD7D1-2524-4411-A78A-4A2D95156DCB}.Debug|x64.Build.0 = Debug|x64
		{3CBAD7D1-2524-4411-A78A-4A2D95156DCB}.Debug|x86.ActiveCfg = Debug|Win32
		{3CBAD7D1-2524-4411-A78A-4A2D95156DCB}.Debug|x86.Build.0 = Debug|Win32
		{3CBAD7D1-2524-4411-A78A-4A2D95156DCB}.Release|x64.ActiveCfg = Release|x64
		{3CBAD7D1-2524-4411-A78A-4A2D95156DCB}.Release|x64.Build.0 = Release|x64
		{3CBAD7D1-2524-4411-A78A-4A2D95156DCB}.Release|x86.ActiveCfg = Release|Win32
		{3CBAD7D1-2524-4411-A78A-4A2D95156DCB}.Release|x86.Build.0 = Release|Win32
	EndGlobalSection
	GlobalSection(SolutionProperties) = preSolution
		HideSolutionNode = FALSE
	EndGlobalSection
	GlobalSection(ExtensibilityGlobals) = postSolution
		SolutionGuid = {185EBAC0-E868-4D8B-BA03-0215193E79B0}
	EndGlobalSection
EndGlobal
